
Microsoft Visual Studio Solution File, Format Version 12.00
# Visual Studio 15
VisualStudioVersion = 15.0.26228.4
MinimumVisualStudioVersion = 10.0.40219.1
Project("{9A19103F-16F7-4668-BE54-9A1E7A4F7556}") = "RestEase", "RestEase\RestEase.csproj", "{6219B6B7-D110-4F46-B43A-1B41B031F2F3}"
EndProject
Project("{9A19103F-16F7-4668-BE54-9A1E7A4F7556}") = "RestEaseUnitTests", "RestEaseUnitTests\RestEaseUnitTests.csproj", "{34672726-3CDF-418B-B630-39B2CF41ACD4}"
EndProject
Global
	GlobalSection(SolutionConfigurationPlatforms) = preSolution
		Debug|Any CPU = Debug|Any CPU
		Release|Any CPU = Release|Any CPU
	EndGlobalSection
	GlobalSection(ProjectConfigurationPlatforms) = postSolution
		{6219B6B7-D110-4F46-B43A-1B41B031F2F3}.Debug|Any CPU.ActiveCfg = Debug|Any CPU
		{6219B6B7-D110-4F46-B43A-1B41B031F2F3}.Debug|Any CPU.Build.0 = Debug|Any CPU
		{6219B6B7-D110-4F46-B43A-1B41B031F2F3}.Release|Any CPU.ActiveCfg = Release|Any CPU
		{6219B6B7-D110-4F46-B43A-1B41B031F2F3}.Release|Any CPU.Build.0 = Release|Any CPU
		{34672726-3CDF-418B-B630-39B2CF41ACD4}.Debug|Any CPU.ActiveCfg = Debug|Any CPU
		{34672726-3CDF-418B-B630-39B2CF41ACD4}.Debug|Any CPU.Build.0 = Debug|Any CPU
		{34672726-3CDF-418B-B630-39B2CF41ACD4}.Release|Any CPU.ActiveCfg = Release|Any CPU
		{34672726-3CDF-418B-B630-39B2CF41ACD4}.Release|Any CPU.Build.0 = Release|Any CPU
	EndGlobalSection
	GlobalSection(SolutionProperties) = preSolution
		HideSolutionNode = FALSE
	EndGlobalSection
EndGlobal
